
Microsoft Visual Studio Solution File, Format Version 12.00
# Visual Studio Version 16
VisualStudioVersion = 16.0.29709.97
MinimumVisualStudioVersion = 10.0.40219.1
Project("{9A19103F-16F7-4668-BE54-9A1E7A4F7556}") = "CourseProject", "CourseProject.csproj", "{76FC857A-44B9-4E0B-9C5C-39E7A45C6042}"
EndProject
Global
	GlobalSection(SolutionConfigurationPlatforms) = preSolution
		Debug|Any CPU = Debug|Any CPU
		Release|Any CPU = Release|Any CPU
	EndGlobalSection
	GlobalSection(ProjectConfigurationPlatforms) = postSolution
		{76FC857A-44B9-4E0B-9C5C-39E7A45C6042}.Debug|Any CPU.ActiveCfg = Debug|Any CPU
		{76FC857A-44B9-4E0B-9C5C-39E7A45C6042}.Debug|Any CPU.Build.0 = Debug|Any CPU
		{76FC857A-44B9-4E0B-9C5C-39E7A45C6042}.Release|Any CPU.ActiveCfg = Release|Any CPU
		{76FC857A-44B9-4E0B-9C5C-39E7A45C6042}.Release|Any CPU.Build.0 = Release|Any CPU
	EndGlobalSection
	GlobalSection(SolutionProperties) = preSolution
		HideSolutionNode = FALSE
	EndGlobalSection
	GlobalSection(ExtensibilityGlobals) = postSolution
		SolutionGuid = {2029AC29-40C3-423E-AAE6-FE4107F4C993}
	EndGlobalSection
EndGlobal
